
Microsoft Visual Studio Solution File, Format Version 12.00
# Visual Studio 15
VisualStudioVersion = 15.0.28307.489
MinimumVisualStudioVersion = 10.0.40219.1
Project("{FAE04EC0-301F-11D3-BF4B-00C04F79EFBC}") = "API", "API\API.csproj", "{27056FE2-5A34-44B2-9196-6F19C04F27CC}"
EndProject
Project("{FAE04EC0-301F-11D3-BF4B-00C04F79EFBC}") = "API.Test", "API.Test\API.Test.csproj", "{84714616-89D7-4A5D-86D8-2DC395530FEB}"
EndProject
Project("{2150E333-8FDC-42A3-9474-1A3956D46DE8}") = "Backend", "Backend", "{5DD4FA9B-976C-4CDB-9E73-CF3485DBDD72}"
EndProject
Project("{FAE04EC0-301F-11D3-BF4B-00C04F79EFBC}") = "API.Client", "API.Client\API.Client.csproj", "{88DB6691-8EE1-428C-8DA4-50342AEB2C54}"
EndProject
Project("{FAE04EC0-301F-11D3-BF4B-00C04F79EFBC}") = "API.Client.Test", "API.Client.Test\API.Client.Test.csproj", "{52BDCA0E-DC33-4398-BB6F-485CB07DE980}"
EndProject
Project("{2150E333-8FDC-42A3-9474-1A3956D46DE8}") = "Client", "Client", "{D89C3FFE-4990-4B35-977C-727F89D7D05E}"
EndProject
Project("{2150E333-8FDC-42A3-9474-1A3956D46DE8}") = "Shared", "Shared", "{E1B05E83-7E28-47D6-9DB5-3C1B2293AA92}"
EndProject
Project("{FAE04EC0-301F-11D3-BF4B-00C04F79EFBC}") = "API.Models", "Models\API.Models.csproj", "{8D72FF7D-C085-4C06-9D66-9537B7AC924D}"
EndProject
Project("{2150E333-8FDC-42A3-9474-1A3956D46DE8}") = "Tools", "Tools", "{0298B379-812E-45C9-BC84-744BC848D2E5}"
EndProject
Project("{FAE04EC0-301F-11D3-BF4B-00C04F79EFBC}") = "Migration", "Migration\Migration.csproj", "{48EBC2B8-5256-44BC-8A39-3A3C8C388BC6}"
EndProject
Global
	GlobalSection(SolutionConfigurationPlatforms) = preSolution
		Debug|Any CPU = Debug|Any CPU
		Release|Any CPU = Release|Any CPU
	EndGlobalSection
	GlobalSection(ProjectConfigurationPlatforms) = postSolution
		{27056FE2-5A34-44B2-9196-6F19C04F27CC}.Debug|Any CPU.ActiveCfg = Debug|Any CPU
		{27056FE2-5A34-44B2-9196-6F19C04F27CC}.Debug|Any CPU.Build.0 = Debug|Any CPU
		{27056FE2-5A34-44B2-9196-6F19C04F27CC}.Release|Any CPU.ActiveCfg = Release|Any CPU
		{27056FE2-5A34-44B2-9196-6F19C04F27CC}.Release|Any CPU.Build.0 = Release|Any CPU
		{84714616-89D7-4A5D-86D8-2DC395530FEB}.Debug|Any CPU.ActiveCfg = Debug|Any CPU
		{84714616-89D7-4A5D-86D8-2DC395530FEB}.Debug|Any CPU.Build.0 = Debug|Any CPU
		{84714616-89D7-4A5D-86D8-2DC395530FEB}.Release|Any CPU.ActiveCfg = Release|Any CPU
		{84714616-89D7-4A5D-86D8-2DC395530FEB}.Release|Any CPU.Build.0 = Release|Any CPU
		{88DB6691-8EE1-428C-8DA4-50342AEB2C54}.Debug|Any CPU.ActiveCfg = Debug|Any CPU
		{88DB6691-8EE1-428C-8DA4-50342AEB2C54}.Debug|Any CPU.Build.0 = Debug|Any CPU
		{88DB6691-8EE1-428C-8DA4-50342AEB2C54}.Release|Any CPU.ActiveCfg = Release|Any CPU
		{88DB6691-8EE1-428C-8DA4-50342AEB2C54}.Release|Any CPU.Build.0 = Release|Any CPU
		{52BDCA0E-DC33-4398-BB6F-485CB07DE980}.Debug|Any CPU.ActiveCfg = Debug|Any CPU
		{52BDCA0E-DC33-4398-BB6F-485CB07DE980}.Debug|Any CPU.Build.0 = Debug|Any CPU
		{52BDCA0E-DC33-4398-BB6F-485CB07DE980}.Release|Any CPU.ActiveCfg = Release|Any CPU
		{52BDCA0E-DC33-4398-BB6F-485CB07DE980}.Release|Any CPU.Build.0 = Release|Any CPU
		{8D72FF7D-C085-4C06-9D66-9537B7AC924D}.Debug|Any CPU.ActiveCfg = Debug|Any CPU
		{8D72FF7D-C085-4C06-9D66-9537B7AC924D}.Debug|Any CPU.Build.0 = Debug|Any CPU
		{8D72FF7D-C085-4C06-9D66-9537B7AC924D}.Release|Any CPU.ActiveCfg = Release|Any CPU
		{8D72FF7D-C085-4C06-9D66-9537B7AC924D}.Release|Any CPU.Build.0 = Release|Any CPU
		{48EBC2B8-5256-44BC-8A39-3A3C8C388BC6}.Debug|Any CPU.ActiveCfg = Debug|Any CPU
		{48EBC2B8-5256-44BC-8A39-3A3C8C388BC6}.Debug|Any CPU.Build.0 = Debug|Any CPU
		{48EBC2B8-5256-44BC-8A39-3A3C8C388BC6}.Release|Any CPU.ActiveCfg = Release|Any CPU
		{48EBC2B8-5256-44BC-8A39-3A3C8C388BC6}.Release|Any CPU.Build.0 = Release|Any CPU
	EndGlobalSection
	GlobalSection(SolutionProperties) = preSolution
		HideSolutionNode = FALSE
	EndGlobalSection
	GlobalSection(NestedProjects) = preSolution
		{27056FE2-5A34-44B2-9196-6F19C04F27CC} = {5DD4FA9B-976C-4CDB-9E73-CF3485DBDD72}
		{84714616-89D7-4A5D-86D8-2DC395530FEB} = {5DD4FA9B-976C-4CDB-9E73-CF3485DBDD72}
		{88DB6691-8EE1-428C-8DA4-50342AEB2C54} = {D89C3FFE-4990-4B35-977C-727F89D7D05E}
		{52BDCA0E-DC33-4398-BB6F-485CB07DE980} = {D89C3FFE-4990-4B35-977C-727F89D7D05E}
		{8D72FF7D-C085-4C06-9D66-9537B7AC924D} = {E1B05E83-7E28-47D6-9DB5-3C1B2293AA92}
		{48EBC2B8-5256-44BC-8A39-3A3C8C388BC6} = {0298B379-812E-45C9-BC84-744BC848D2E5}
	EndGlobalSection
	GlobalSection(ExtensibilityGlobals) = postSolution
		SolutionGuid = {27650156-7B3F-4C0C-83D3-D13119DE083F}
	EndGlobalSection
EndGlobal
